PODS:
  - LongPressTableViewReordering (0.0.2)

DEPENDENCIES:
  - LongPressTableViewReordering (from `../`)

EXTERNAL SOURCES:
  LongPressTableViewReordering:
    :path: "../"

SPEC CHECKSUMS:
  LongPressTableViewReordering: b803e5d0616db36ad9ac8e45087c526e52d351b3

PODFILE CHECKSUM: 731d329af923c08799731a3435ab783d38de0525

COCOAPODS: 1.1.0.rc.2
